
Microsoft Visual Studio Solution File, Format Version 12.00
# Visual Studio Version 16
VisualStudioVersion = 16.0.30517.126
MinimumVisualStudioVersion = 10.0.40219.1
Project("{FAE04EC0-301F-11D3-BF4B-00C04F79EFBC}") = "szhanakorgan", "szhanakorgan.csproj", "{EC10418D-67A9-4ABA-9700-03D4FE7AFABD}"
EndProject
Global
	GlobalSection(SolutionConfigurationPlatforms) = preSolution
		Debug|Any CPU = Debug|Any CPU
		Release|Any CPU = Release|Any CPU
	EndGlobalSection
	GlobalSection(ProjectConfigurationPlatforms) = postSolution
		{EC10418D-67A9-4ABA-9700-03D4FE7AFABD}.Debug|Any CPU.ActiveCfg = Debug|Any CPU
		{EC10418D-67A9-4ABA-9700-03D4FE7AFABD}.Debug|Any CPU.Build.0 = Debug|Any CPU
		{EC10418D-67A9-4ABA-9700-03D4FE7AFABD}.Release|Any CPU.ActiveCfg = Release|Any CPU
		{EC10418D-67A9-4ABA-9700-03D4FE7AFABD}.Release|Any CPU.Build.0 = Release|Any CPU
	EndGlobalSection
	GlobalSection(SolutionProperties) = preSolution
		HideSolutionNode = FALSE
	EndGlobalSection
	GlobalSection(ExtensibilityGlobals) = postSolution
		SolutionGuid = {36E6FA89-FD58-4047-8048-E4DB7D7303AE}
	EndGlobalSection
EndGlobal
